// !$*UTF8*$!
{
	archiveVersion = 1;
	classes = {
	};
	objectVersion = 56;
	objects = {

/* Begin PBXBuildFile section */
		004A25842902A379009281E4 /* MemorizeTests.swift in Sources */ = {isa = PBXBuildFile; fileRef = 004A25832902A379009281E4 /* MemorizeTests.swift */; };
		DCA86BDA28EC6EC10098DB04 /* MemorizeApp.swift in Sources */ = {isa = PBXBuildFile; fileRef = DCA86BD928EC6EC10098DB04 /* MemorizeApp.swift */; };
		DCA86BDC28EC6EC10098DB04 /* PlanetThemeView.swift in Sources */ = {isa = PBXBuildFile; fileRef = DCA86BDB28EC6EC10098DB04 /* PlanetThemeView.swift */; };
		DCA86BDE28EC6EC20098DB04 /* Assets.xcassets in Resources */ = {isa = PBXBuildFile; fileRef = DCA86BDD28EC6EC20098DB04 /* Assets.xcassets */; };
		DCA86BE128EC6EC20098DB04 /* Preview Assets.xcassets in Resources */ = {isa = PBXBuildFile; fileRef = DCA86BE028EC6EC20098DB04 /* Preview Assets.xcassets */; };
		DCCE563F28FD5A0D007EDF01 /* ThemeChoice.swift in Sources */ = {isa = PBXBuildFile; fileRef = DCCE563E28FD5A0D007EDF01 /* ThemeChoice.swift */; };
		DCCE564328FD5CAB007EDF01 /* CardView.swift in Sources */ = {isa = PBXBuildFile; fileRef = DCCE564228FD5CAB007EDF01 /* CardView.swift */; };
		DCCE564728FD61C3007EDF01 /* PlantThemeView.swift in Sources */ = {isa = PBXBuildFile; fileRef = DCCE564628FD61C3007EDF01 /* PlantThemeView.swift */; };
		DCCE564928FD624A007EDF01 /* FruitsThemeView.swift in Sources */ = {isa = PBXBuildFile; fileRef = DCCE564828FD624A007EDF01 /* FruitsThemeView.swift */; };
		DCF8ECB82900435900BCE33A /* MemoryGame.swift in Sources */ = {isa = PBXBuildFile; fileRef = DCF8ECB72900435900BCE33A /* MemoryGame.swift */; };
		DCF8ECBA2900460000BCE33A /* EmojiMemoryGame.swift in Sources */ = {isa = PBXBuildFile; fileRef = DCF8ECB92900460000BCE33A /* EmojiMemoryGame.swift */; };
/* End PBXBuildFile section */

/* Begin PBXContainerItemProxy section */
		004A25852902A379009281E4 /* PBXContainerItemProxy */ = {
			isa = PBXContainerItemProxy;
			containerPortal = DCA86BCE28EC6EC10098DB04 /* Project object */;
			proxyType = 1;
			remoteGlobalIDString = DCA86BD528EC6EC10098DB04;
			remoteInfo = Memorize;
		};
/* End PBXContainerItemProxy section */

/* Begin PBXFileReference section */
		004A25812902A379009281E4 /* MemorizeTests.xctest */ = {isa = PBXFileReference; explicitFileType = wrapper.cfbundle; includeInIndex = 0; path = MemorizeTests.xctest; sourceTree = BUILT_PRODUCTS_DIR; };
		004A25832902A379009281E4 /* MemorizeTests.swift */ = {isa = PBXFileReference; lastKnownFileType = sourcecode.swift; path = MemorizeTests.swift; sourceTree = "<group>"; };
		DCA86BD628EC6EC10098DB04 /* Memorize.app */ = {isa = PBXFileReference; explicitFileType = wrapper.application; includeInIndex = 0; path = Memorize.app; sourceTree = BUILT_PRODUCTS_DIR; };
		DCA86BD928EC6EC10098DB04 /* MemorizeApp.swift */ = {isa = PBXFileReference; lastKnownFileType = sourcecode.swift; path = MemorizeApp.swift; sourceTree = "<group>"; };
		DCA86BDB28EC6EC10098DB04 /* PlanetThemeView.swift */ = {isa = PBXFileReference; lastKnownFileType = sourcecode.swift; path = PlanetThemeView.swift; sourceTree = "<group>"; };
		DCA86BDD28EC6EC20098DB04 /* Assets.xcassets */ = {isa = PBXFileReference; lastKnownFileType = folder.assetcatalog; path = Assets.xcassets; sourceTree = "<group>"; };
		DCA86BE028EC6EC20098DB04 /* Preview Assets.xcassets */ = {isa = PBXFileReference; lastKnownFileType = folder.assetcatalog; path = "Preview Assets.xcassets"; sourceTree = "<group>"; };
		DCCE563E28FD5A0D007EDF01 /* ThemeChoice.swift */ = {isa = PBXFileReference; lastKnownFileType = sourcecode.swift; path = ThemeChoice.swift; sourceTree = "<group>"; };
		DCCE564228FD5CAB007EDF01 /* CardView.swift */ = {isa = PBXFileReference; lastKnownFileType = sourcecode.swift; path = CardView.swift; sourceTree = "<group>"; };
		DCCE564628FD61C3007EDF01 /* PlantThemeView.swift */ = {isa = PBXFileReference; lastKnownFileType = sourcecode.swift; path = PlantThemeView.swift; sourceTree = "<group>"; };
		DCCE564828FD624A007EDF01 /* FruitsThemeView.swift */ = {isa = PBXFileReference; lastKnownFileType = sourcecode.swift; path = FruitsThemeView.swift; sourceTree = "<group>"; };
		DCF8ECB72900435900BCE33A /* MemoryGame.swift */ = {isa = PBXFileReference; lastKnownFileType = sourcecode.swift; path = MemoryGame.swift; sourceTree = "<group>"; };
		DCF8ECB92900460000BCE33A /* EmojiMemoryGame.swift */ = {isa = PBXFileReference; lastKnownFileType = sourcecode.swift; path = EmojiMemoryGame.swift; sourceTree = "<group>"; };
/* End PBXFileReference section */

/* Begin PBXFrameworksBuildPhase section */
		004A257E2902A379009281E4 /* Frameworks */ = {
			isa = PBXFrameworksBuildPhase;
			buildActionMask = 2147483647;
			files = (
			);
			runOnlyForDeploymentPostprocessing = 0;
		};
		DCA86BD328EC6EC10098DB04 /* Frameworks */ = {
			isa = PBXFrameworksBuildPhase;
			buildActionMask = 2147483647;
			files = (
			);
			runOnlyForDeploymentPostprocessing = 0;
		};
/* End PBXFrameworksBuildPhase section */

/* Begin PBXGroup section */
		004A25822902A379009281E4 /* MemorizeTests */ = {
			isa = PBXGroup;
			children = (
				004A25832902A379009281E4 /* MemorizeTests.swift */,
			);
			path = MemorizeTests;
			sourceTree = "<group>";
		};
		DCA86BCD28EC6EC10098DB04 = {
			isa = PBXGroup;
			children = (
				DCA86BD828EC6EC10098DB04 /* Memorize */,
				004A25822902A379009281E4 /* MemorizeTests */,
				DCA86BD728EC6EC10098DB04 /* Products */,
			);
			sourceTree = "<group>";
		};
		DCA86BD728EC6EC10098DB04 /* Products */ = {
			isa = PBXGroup;
			children = (
				DCA86BD628EC6EC10098DB04 /* Memorize.app */,
				004A25812902A379009281E4 /* MemorizeTests.xctest */,
			);
			name = Products;
			sourceTree = "<group>";
		};
		DCA86BD828EC6EC10098DB04 /* Memorize */ = {
			isa = PBXGroup;
			children = (
				DCA86BD928EC6EC10098DB04 /* MemorizeApp.swift */,
				DCF8ECBD290048F000BCE33A /* Views */,
				DCF8ECBB290048DA00BCE33A /* Model */,
				DCF8ECBC290048E200BCE33A /* ViewModel */,
				DCA86BDD28EC6EC20098DB04 /* Assets.xcassets */,
				DCA86BDF28EC6EC20098DB04 /* Preview Content */,
			);
			path = Memorize;
			sourceTree = "<group>";
		};
		DCA86BDF28EC6EC20098DB04 /* Preview Content */ = {
			isa = PBXGroup;
			children = (
				DCA86BE028EC6EC20098DB04 /* Preview Assets.xcassets */,
			);
			path = "Preview Content";
			sourceTree = "<group>";
		};
		DCF8ECBB290048DA00BCE33A /* Model */ = {
			isa = PBXGroup;
			children = (
				DCF8ECB72900435900BCE33A /* MemoryGame.swift */,
			);
			path = Model;
			sourceTree = "<group>";
		};
		DCF8ECBC290048E200BCE33A /* ViewModel */ = {
			isa = PBXGroup;
			children = (
				DCF8ECB92900460000BCE33A /* EmojiMemoryGame.swift */,
			);
			path = ViewModel;
			sourceTree = "<group>";
		};
		DCF8ECBD290048F000BCE33A /* Views */ = {
			isa = PBXGroup;
			children = (
				DCCE563E28FD5A0D007EDF01 /* ThemeChoice.swift */,
				DCA86BDB28EC6EC10098DB04 /* PlanetThemeView.swift */,
				DCCE564628FD61C3007EDF01 /* PlantThemeView.swift */,
				DCCE564828FD624A007EDF01 /* FruitsThemeView.swift */,
				DCCE564228FD5CAB007EDF01 /* CardView.swift */,
			);
			path = Views;
			sourceTree = "<group>";
		};
/* End PBXGroup section */

/* Begin PBXNativeTarget section */
		004A25802902A379009281E4 /* MemorizeTests */ = {
			isa = PBXNativeTarget;
			buildConfigurationList = 004A25872902A379009281E4 /* Build configuration list for PBXNativeTarget "MemorizeTests" */;
			buildPhases = (
				004A257D2902A379009281E4 /* Sources */,
				004A257E2902A379009281E4 /* Frameworks */,
				004A257F2902A379009281E4 /* Resources */,
			);
			buildRules = (
			);
			dependencies = (
				004A25862902A379009281E4 /* PBXTargetDependency */,
			);
			name = MemorizeTests;
			productName = MemorizeTests;
			productReference = 004A25812902A379009281E4 /* MemorizeTests.xctest */;
			productType = "com.apple.product-type.bundle.unit-test";
		};
		DCA86BD528EC6EC10098DB04 /* Memorize */ = {
			isa = PBXNativeTarget;
			buildConfigurationList = DCA86BE428EC6EC20098DB04 /* Build configuration list for PBXNativeTarget "Memorize" */;
			buildPhases = (
				DCA86BD228EC6EC10098DB04 /* Sources */,
				DCA86BD328EC6EC10098DB04 /* Frameworks */,
				DCA86BD428EC6EC10098DB04 /* Resources */,
			);
			buildRules = (
			);
			dependencies = (
			);
			name = Memorize;
			productName = Memorize;
			productReference = DCA86BD628EC6EC10098DB04 /* Memorize.app */;
			productType = "com.apple.product-type.application";
		};
/* End PBXNativeTarget section */

/* Begin PBXProject section */
		DCA86BCE28EC6EC10098DB04 /* Project object */ = {
			isa = PBXProject;
			attributes = {
				BuildIndependentTargetsInParallel = 1;
				LastSwiftUpdateCheck = 1400;
				LastUpgradeCheck = 1400;
				TargetAttributes = {
					004A25802902A379009281E4 = {
						CreatedOnToolsVersion = 14.0.1;
						TestTargetID = DCA86BD528EC6EC10098DB04;
					};
					DCA86BD528EC6EC10098DB04 = {
						CreatedOnToolsVersion = 14.0.1;
					};
				};
			};
			buildConfigurationList = DCA86BD128EC6EC10098DB04 /* Build configuration list for PBXProject "Memorize" */;
			compatibilityVersion = "Xcode 14.0";
			developmentRegion = en;
			hasScannedForEncodings = 0;
			knownRegions = (
				en,
				Base,
			);
			mainGroup = DCA86BCD28EC6EC10098DB04;
			productRefGroup = DCA86BD728EC6EC10098DB04 /* Products */;
			projectDirPath = "";
			projectRoot = "";
			targets = (
				DCA86BD528EC6EC10098DB04 /* Memorize */,
				004A25802902A379009281E4 /* MemorizeTests */,
			);
		};
/* End PBXProject section */

/* Begin PBXResourcesBuildPhase section */
		004A257F2902A379009281E4 /* Resources */ = {
			isa = PBXResourcesBuildPhase;
			buildActionMask = 2147483647;
			files = (
			);
			runOnlyForDeploymentPostprocessing = 0;
		};
		DCA86BD428EC6EC10098DB04 /* Resources */ = {
			isa = PBXResourcesBuildPhase;
			buildActionMask = 2147483647;
			files = (
				DCA86BE128EC6EC20098DB04 /* Preview Assets.xcassets in Resources */,
				DCA86BDE28EC6EC20098DB04 /* Assets.xcassets in Resources */,
			);
			runOnlyForDeploymentPostprocessing = 0;
		};
/* End PBXResourcesBuildPhase section */

/* Begin PBXSourcesBuildPhase section */
		004A257D2902A379009281E4 /* Sources */ = {
			isa = PBXSourcesBuildPhase;
			buildActionMask = 2147483647;
			files = (
				004A25842902A379009281E4 /* MemorizeTests.swift in Sources */,
			);
			runOnlyForDeploymentPostprocessing = 0;
		};
		DCA86BD228EC6EC10098DB04 /* Sources */ = {
			isa = PBXSourcesBuildPhase;
			buildActionMask = 2147483647;
			files = (
				DCCE564728FD61C3007EDF01 /* PlantThemeView.swift in Sources */,
				DCA86BDC28EC6EC10098DB04 /* PlanetThemeView.swift in Sources */,
				DCA86BDA28EC6EC10098DB04 /* MemorizeApp.swift in Sources */,
				DCCE564328FD5CAB007EDF01 /* CardView.swift in Sources */,
				DCCE563F28FD5A0D007EDF01 /* ThemeChoice.swift in Sources */,
				DCCE564928FD624A007EDF01 /* FruitsThemeView.swift in Sources */,
				DCF8ECB82900435900BCE33A /* MemoryGame.swift in Sources */,
				DCF8ECBA2900460000BCE33A /* EmojiMemoryGame.swift in Sources */,
			);
			runOnlyForDeploymentPostprocessing = 0;
		};
/* End PBXSourcesBuildPhase section */

/* Begin PBXTargetDependency section */
		004A25862902A379009281E4 /* PBXTargetDependency */ = {
			isa = PBXTargetDependency;
			target = DCA86BD528EC6EC10098DB04 /* Memorize */;
			targetProxy = 004A25852902A379009281E4 /* PBXContainerItemProxy */;
		};
/* End PBXTargetDependency section */

/* Begin XCBuildConfiguration section */
		004A25882902A379009281E4 /* Debug */ = {
			isa = XCBuildConfiguration;
			buildSettings = {
				BUNDLE_LOADER = "$(TEST_HOST)";
				CODE_SIGN_STYLE = Automatic;
				CURRENT_PROJECT_VERSION = 1;
				DEVELOPMENT_TEAM = KVCLVWK89H;
				GENERATE_INFOPLIST_FILE = YES;
				MARKETING_VERSION = 1.0;
				PRODUCT_BUNDLE_IDENTIFIER = sarahlawat.MemorizeTests;
				PRODUCT_NAME = "$(TARGET_NAME)";
				SWIFT_EMIT_LOC_STRINGS = NO;
				SWIFT_VERSION = 5.0;
				TARGETED_DEVICE_FAMILY = "1,2";
				TEST_HOST = "$(BUILT_PRODUCTS_DIR)/Memorize.app/$(BUNDLE_EXECUTABLE_FOLDER_PATH)/Memorize";
			};
			name = Debug;
		};
		004A25892902A379009281E4 /* Release */ = {
			isa = XCBuildConfiguration;
			buildSettings = {
				BUNDLE_LOADER = "$(TEST_HOST)";
				CODE_SIGN_STYLE = Automatic;
				CURRENT_PROJECT_VERSION = 1;
				DEVELOPMENT_TEAM = KVCLVWK89H;
				GENERATE_INFOPLIST_FILE = YES;
				MARKETING_VERSION = 1.0;
				PRODUCT_BUNDLE_IDENTIFIER = sarahlawat.MemorizeTests;
				PRODUCT_NAME = "$(TARGET_NAME)";
				SWIFT_EMIT_LOC_STRINGS = NO;
				SWIFT_VERSION = 5.0;
				TARGETED_DEVICE_FAMILY = "1,2";
				TEST_HOST = "$(BUILT_PRODUCTS_DIR)/Memorize.app/$(BUNDLE_EXECUTABLE_FOLDER_PATH)/Memorize";
			};
			name = Release;
		};
		DCA86BE228EC6EC20098DB04 /* Debug */ = {
			isa = XCBuildConfiguration;
			buildSettings = {
				ALWAYS_SEARCH_USER_PATHS = NO;
				CLANG_ANALYZER_NONNULL = YES;
				CLANG_ANALYZER_NUMBER_OBJECT_CONVERSION = YES_AGGRESSIVE;
				CLANG_CXX_LANGUAGE_STANDARD = "gnu++20";
				CLANG_ENABLE_MODULES = YES;
				CLANG_ENABLE_OBJC_ARC = YES;
				CLANG_ENABLE_OBJC_WEAK = YES;
				CLANG_WARN_BLOCK_CAPTURE_AUTORELEASING = YES;
				CLANG_WARN_BOOL_CONVERSION = YES;
				CLANG_WARN_COMMA = YES;
				CLANG_WARN_CONSTANT_CONVERSION = YES;
				CLANG_WARN_DEPRECATED_OBJC_IMPLEMENTATIONS = YES;
				CLANG_WARN_DIRECT_OBJC_ISA_USAGE = YES_ERROR;
				CLANG_WARN_DOCUMENTATION_COMMENTS = YES;
				CLANG_WARN_EMPTY_BODY = YES;
				CLANG_WARN_ENUM_CONVERSION = YES;
				CLANG_WARN_INFINITE_RECURSION = YES;
				CLANG_WARN_INT_CONVERSION = YES;
				CLANG_WARN_NON_LITERAL_NULL_CONVERSION = YES;
				CLANG_WARN_OBJC_IMPLICIT_RETAIN_SELF = YES;
				CLANG_WARN_OBJC_LITERAL_CONVERSION = YES;
				CLANG_WARN_OBJC_ROOT_CLASS = YES_ERROR;
				CLANG_WARN_QUOTED_INCLUDE_IN_FRAMEWORK_HEADER = YES;
				CLANG_WARN_RANGE_LOOP_ANALYSIS = YES;
				CLANG_WARN_STRICT_PROTOTYPES = YES;
				CLANG_WARN_SUSPICIOUS_MOVE = YES;
				CLANG_WARN_UNGUARDED_AVAILABILITY = YES_AGGRESSIVE;
				CLANG_WARN_UNREACHABLE_CODE = YES;
				CLANG_WARN__DUPLICATE_METHOD_MATCH = YES;
				COPY_PHASE_STRIP = NO;
				DEBUG_INFORMATION_FORMAT = dwarf;
				ENABLE_STRICT_OBJC_MSGSEND = YES;
				ENABLE_TESTABILITY = YES;
				GCC_C_LANGUAGE_STANDARD = gnu11;
				GCC_DYNAMIC_NO_PIC = NO;
				GCC_NO_COMMON_BLOCKS = YES;
				GCC_OPTIMIZATION_LEVEL = 0;
				GCC_PREPROCESSOR_DEFINITIONS = (
					"DEBUG=1",
					"$(inherited)",
				);
				GCC_WARN_64_TO_32_BIT_CONVERSION = YES;
				GCC_WARN_ABOUT_RETURN_TYPE = YES_ERROR;
				GCC_WARN_UNDECLARED_SELECTOR = YES;
				GCC_WARN_UNINITIALIZED_AUTOS = YES_AGGRESSIVE;
				GCC_WARN_UNUSED_FUNCTION = YES;
				GCC_WARN_UNUSED_VARIABLE = YES;
				IPHONEOS_DEPLOYMENT_TARGET = 16.0;
				MTL_ENABLE_DEBUG_INFO = INCLUDE_SOURCE;
				MTL_FAST_MATH = YES;
				ONLY_ACTIVE_ARCH = YES;
				SDKROOT = iphoneos;
				SWIFT_ACTIVE_COMPILATION_CONDITIONS = DEBUG;
				SWIFT_OPTIMIZATION_LEVEL = "-Onone";
			};
			name = Debug;
		};
		DCA86BE328EC6EC20098DB04 /* Release */ = {
			isa = XCBuildConfiguration;
			buildSettings = {
				ALWAYS_SEARCH_USER_PATHS = NO;
				CLANG_ANALYZER_NONNULL = YES;
				CLANG_ANALYZER_NUMBER_OBJECT_CONVERSION = YES_AGGRESSIVE;
				CLANG_CXX_LANGUAGE_STANDARD = "gnu++20";
				CLANG_ENABLE_MODULES = YES;
				CLANG_ENABLE_OBJC_ARC = YES;
				CLANG_ENABLE_OBJC_WEAK = YES;
				CLANG_WARN_BLOCK_CAPTURE_AUTORELEASING = YES;
				CLANG_WARN_BOOL_CONVERSION = YES;
				CLANG_WARN_COMMA = YES;
				CLANG_WARN_CONSTANT_CONVERSION = YES;
				CLANG_WARN_DEPRECATED_OBJC_IMPLEMENTATIONS = YES;
				CLANG_WARN_DIRECT_OBJC_ISA_USAGE = YES_ERROR;
				CLANG_WARN_DOCUMENTATION_COMMENTS = YES;
				CLANG_WARN_EMPTY_BODY = YES;
				CLANG_WARN_ENUM_CONVERSION = YES;
				CLANG_WARN_INFINITE_RECURSION = YES;
				CLANG_WARN_INT_CONVERSION = YES;
				CLANG_WARN_NON_LITERAL_NULL_CONVERSION = YES;
				CLANG_WARN_OBJC_IMPLICIT_RETAIN_SELF = YES;
				CLANG_WARN_OBJC_LITERAL_CONVERSION = YES;
				CLANG_WARN_OBJC_ROOT_CLASS = YES_ERROR;
				CLANG_WARN_QUOTED_INCLUDE_IN_FRAMEWORK_HEADER = YES;
				CLANG_WARN_RANGE_LOOP_ANALYSIS = YES;
				CLANG_WARN_STRICT_PROTOTYPES = YES;
				CLANG_WARN_SUSPICIOUS_MOVE = YES;
				CLANG_WARN_UNGUARDED_AVAILABILITY = YES_AGGRESSIVE;
				CLANG_WARN_UNREACHABLE_CODE = YES;
				CLANG_WARN__DUPLICATE_METHOD_MATCH = YES;
				COPY_PHASE_STRIP = NO;
				DEBUG_INFORMATION_FORMAT = "dwarf-with-dsym";
				ENABLE_NS_ASSERTIONS = NO;
				ENABLE_STRICT_OBJC_MSGSEND = YES;
				GCC_C_LANGUAGE_STANDARD = gnu11;
				GCC_NO_COMMON_BLOCKS = YES;
				GCC_WARN_64_TO_32_BIT_CONVERSION = YES;
				GCC_WARN_ABOUT_RETURN_TYPE = YES_ERROR;
				GCC_WARN_UNDECLARED_SELECTOR = YES;
				GCC_WARN_UNINITIALIZED_AUTOS = YES_AGGRESSIVE;
				GCC_WARN_UNUSED_FUNCTION = YES;
				GCC_WARN_UNUSED_VARIABLE = YES;
				IPHONEOS_DEPLOYMENT_TARGET = 16.0;
				MTL_ENABLE_DEBUG_INFO = NO;
				MTL_FAST_MATH = YES;
				SDKROOT = iphoneos;
				SWIFT_COMPILATION_MODE = wholemodule;
				SWIFT_OPTIMIZATION_LEVEL = "-O";
				VALIDATE_PRODUCT = YES;
			};
			name = Release;
		};
		DCA86BE528EC6EC20098DB04 /* Debug */ = {
			isa = XCBuildConfiguration;
			buildSettings = {
				ASSETCATALOG_COMPILER_APPICON_NAME = AppIcon;
				ASSETCATALOG_COMPILER_GLOBAL_ACCENT_COLOR_NAME = AccentColor;
				CODE_SIGN_STYLE = Automatic;
				CURRENT_PROJECT_VERSION = 1;
				DEVELOPMENT_ASSET_PATHS = "\"Memorize/Preview Content\"";
				DEVELOPMENT_TEAM = MYKN3SS54R;
				ENABLE_PREVIEWS = YES;
				GENERATE_INFOPLIST_FILE = YES;
				INFOPLIST_KEY_UIApplicationSceneManifest_Generation = YES;
				INFOPLIST_KEY_UIApplicationSupportsIndirectInputEvents = YES;
				INFOPLIST_KEY_UILaunchScreen_Generation = YES;
				INFOPLIST_KEY_UISupportedInterfaceOrientations_iPad = "UIInterfaceOrientationPortrait UIInterfaceOrientationPortraitUpsideDown UIInterfaceOrientationLandscapeLeft UIInterfaceOrientationLandscapeRight";
				INFOPLIST_KEY_UISupportedInterfaceOrientations_iPhone = "UIInterfaceOrientationPortrait UIInterfaceOrientationLandscapeLeft UIInterfaceOrientationLandscapeRight";
				LD_RUNPATH_SEARCH_PATHS = (
					"$(inherited)",
					"@executable_path/Frameworks",
				);
				MARKETING_VERSION = 1.0;
				PRODUCT_BUNDLE_IDENTIFIER = sarah.watremet.Memorize;
				PRODUCT_NAME = "$(TARGET_NAME)";
				SWIFT_EMIT_LOC_STRINGS = YES;
				SWIFT_VERSION = 5.0;
				TARGETED_DEVICE_FAMILY = "1,2";
			};
			name = Debug;
		};
		DCA86BE628EC6EC20098DB04 /* Release */ = {
			isa = XCBuildConfiguration;
			buildSettings = {
				ASSETCATALOG_COMPILER_APPICON_NAME = AppIcon;
				ASSETCATALOG_COMPILER_GLOBAL_ACCENT_COLOR_NAME = AccentColor;
				CODE_SIGN_STYLE = Automatic;
				CURRENT_PROJECT_VERSION = 1;
				DEVELOPMENT_ASSET_PATHS = "\"Memorize/Preview Content\"";
				DEVELOPMENT_TEAM = MYKN3SS54R;
				ENABLE_PREVIEWS = YES;
				GENERATE_INFOPLIST_FILE = YES;
				INFOPLIST_KEY_UIApplicationSceneManifest_Generation = YES;
				INFOPLIST_KEY_UIApplicationSupportsIndirectInputEvents = YES;
				INFOPLIST_KEY_UILaunchScreen_Generation = YES;
				INFOPLIST_KEY_UISupportedInterfaceOrientations_iPad = "UIInterfaceOrientationPortrait UIInterfaceOrientationPortraitUpsideDown UIInterfaceOrientationLandscapeLeft UIInterfaceOrientationLandscapeRight";
				INFOPLIST_KEY_UISupportedInterfaceOrientations_iPhone = "UIInterfaceOrientationPortrait UIInterfaceOrientationLandscapeLeft UIInterfaceOrientationLandscapeRight";
				LD_RUNPATH_SEARCH_PATHS = (
					"$(inherited)",
					"@executable_path/Frameworks",
				);
				MARKETING_VERSION = 1.0;
				PRODUCT_BUNDLE_IDENTIFIER = sarah.watremet.Memorize;
				PRODUCT_NAME = "$(TARGET_NAME)";
				SWIFT_EMIT_LOC_STRINGS = YES;
				SWIFT_VERSION = 5.0;
				TARGETED_DEVICE_FAMILY = "1,2";
			};
			name = Release;
		};
/* End XCBuildConfiguration section */

/* Begin XCConfigurationList section */
		004A25872902A379009281E4 /* Build configuration list for PBXNativeTarget "MemorizeTests" */ = {
			isa = XCConfigurationList;
			buildConfigurations = (
				004A25882902A379009281E4 /* Debug */,
				004A25892902A379009281E4 /* Release */,
			);
			defaultConfigurationIsVisible = 0;
			defaultConfigurationName = Release;
		};
		DCA86BD128EC6EC10098DB04 /* Build configuration list for PBXProject "Memorize" */ = {
			isa = XCConfigurationList;
			buildConfigurations = (
				DCA86BE228EC6EC20098DB04 /* Debug */,
				DCA86BE328EC6EC20098DB04 /* Release */,
			);
			defaultConfigurationIsVisible = 0;
			defaultConfigurationName = Release;
		};
		DCA86BE428EC6EC20098DB04 /* Build configuration list for PBXNativeTarget "Memorize" */ = {
			isa = XCConfigurationList;
			buildConfigurations = (
				DCA86BE528EC6EC20098DB04 /* Debug */,
				DCA86BE628EC6EC20098DB04 /* Release */,
			);
			defaultConfigurationIsVisible = 0;
			defaultConfigurationName = Release;
		};
/* End XCConfigurationList section */
	};
	rootObject = DCA86BCE28EC6EC10098DB04 /* Project object */;
}
